
Microsoft Visual Studio Solution File, Format Version 12.00
# Visual Studio Version 17
VisualStudioVersion = 17.12.35514.174
MinimumVisualStudioVersion = 10.0.40219.1
Project("{8BC9CEB8-8B4A-11D0-8D11-00A0C91BC942}") = "laba5 oop", "laba5 oop\laba5 oop.vcxproj", "{A704D09D-66F9-4DF1-821A-43F90EE55FD8}"
EndProject
Project("{8BC9CEB8-8B4A-11D0-8D11-00A0C91BC942}") = "StaticLibrary", "..\StaticLibrary\StaticLibrary\StaticLibrary.vcxproj", "{569C869E-4BDC-40EE-BA71-F41F908172D8}"
EndProject
Project("{2150E333-8FDC-42A3-9474-1A3956D46DE8}") = "Solution Items", "Solution Items", "{B52C7145-13D3-4266-8C45-30A11F0A1499}"
	ProjectSection(SolutionItems) = preProject
		.gitignore = .gitignore
	EndProjectSection
EndProject
Global
	GlobalSection(SolutionConfigurationPlatforms) = preSolution
		Debug|x64 = Debug|x64
		Debug|x86 = Debug|x86
		Release|x64 = Release|x64
		Release|x86 = Release|x86
	EndGlobalSection
	GlobalSection(ProjectConfigurationPlatforms) = postSolution
		{A704D09D-66F9-4DF1-821A-43F90EE55FD8}.Debug|x64.ActiveCfg = Debug|x64
		{A704D09D-66F9-4DF1-821A-43F90EE55FD8}.Debug|x64.Build.0 = Debug|x64
		{A704D09D-66F9-4DF1-821A-43F90EE55FD8}.Debug|x86.ActiveCfg = Debug|Win32
		{A704D09D-66F9-4DF1-821A-43F90EE55FD8}.Debug|x86.Build.0 = Debug|Win32
		{A704D09D-66F9-4DF1-821A-43F90EE55FD8}.Release|x64.ActiveCfg = Release|x64
		{A704D09D-66F9-4DF1-821A-43F90EE55FD8}.Release|x64.Build.0 = Release|x64
		{A704D09D-66F9-4DF1-821A-43F90EE55FD8}.Release|x86.ActiveCfg = Release|Win32
		{A704D09D-66F9-4DF1-821A-43F90EE55FD8}.Release|x86.Build.0 = Release|Win32
		{569C869E-4BDC-40EE-BA71-F41F908172D8}.Debug|x64.ActiveCfg = Debug|x64
		{569C869E-4BDC-40EE-BA71-F41F908172D8}.Debug|x64.Build.0 = Debug|x64
		{569C869E-4BDC-40EE-BA71-F41F908172D8}.Debug|x86.ActiveCfg = Debug|Win32
		{569C869E-4BDC-40EE-BA71-F41F908172D8}.Debug|x86.Build.0 = Debug|Win32
		{569C869E-4BDC-40EE-BA71-F41F908172D8}.Release|x64.ActiveCfg = Release|x64
		{569C869E-4BDC-40EE-BA71-F41F908172D8}.Release|x64.Build.0 = Release|x64
		{569C869E-4BDC-40EE-BA71-F41F908172D8}.Release|x86.ActiveCfg = Release|Win32
		{569C869E-4BDC-40EE-BA71-F41F908172D8}.Release|x86.Build.0 = Release|Win32
	EndGlobalSection
	GlobalSection(SolutionProperties) = preSolution
		HideSolutionNode = FALSE
	EndGlobalSection
EndGlobal
